
Microsoft Visual Studio Solution File, Format Version 12.00
Project("{FAE04EC0-301F-11D3-BF4B-00C04F79EFBC}") = "Solution absolutni", "Solution absolutni\Solution absolutni.csproj", "{EB982B7F-19CA-41CF-AE73-EBAB3929FF44}"
EndProject
Global
	GlobalSection(SolutionConfigurationPlatforms) = preSolution
		Debug|Any CPU = Debug|Any CPU
		Release|Any CPU = Release|Any CPU
	EndGlobalSection
	GlobalSection(ProjectConfigurationPlatforms) = postSolution
		{EB982B7F-19CA-41CF-AE73-EBAB3929FF44}.Debug|Any CPU.ActiveCfg = Debug|Any CPU
		{EB982B7F-19CA-41CF-AE73-EBAB3929FF44}.Debug|Any CPU.Build.0 = Debug|Any CPU
		{EB982B7F-19CA-41CF-AE73-EBAB3929FF44}.Release|Any CPU.ActiveCfg = Release|Any CPU
		{EB982B7F-19CA-41CF-AE73-EBAB3929FF44}.Release|Any CPU.Build.0 = Release|Any CPU
	EndGlobalSection
EndGlobal
